
Microsoft Visual Studio Solution File, Format Version 11.00
# Visual Studio 2010
Project("{FAE04EC0-301F-11D3-BF4B-00C04F79EFBC}") = "log4net.Tests.vs2010", "..\tests\src\log4net.Tests.vs2010.csproj", "{B0530F10-0238-49A9-93B0-8EF412E90BCF}"
EndProject
Project("{FAE04EC0-301F-11D3-BF4B-00C04F79EFBC}") = "log4net.ClientProfile.vs2010", "log4net.ClientProfile.vs2010\log4net.ClientProfile.vs2010.csproj", "{ABB3C406-2BD4-4856-BDD1-87F84AF4E0A0}"
EndProject
Project("{FAE04EC0-301F-11D3-BF4B-00C04F79EFBC}") = "log4net.ASPnet.vs2010", "log4net.ASPnet.vs2010\log4net.ASPnet.vs2010.csproj", "{181FE707-E161-4722-9F38-6AAAB6FAA106}"
EndProject
Project("{FAE04EC0-301F-11D3-BF4B-00C04F79EFBC}") = "log4net.XamarinAndroid.vs2010", "log4net.XamarinAndroid.vs2010\log4net.XamarinAndroid.vs2010.csproj", "{791E8D93-208D-462D-BD6A-916364E56FCB}"
EndProject
Project("{FAE04EC0-301F-11D3-BF4B-00C04F79EFBC}") = "XSample.log4net.XamarinAndroid", "XSample.log4net.XamarinAndroid\XSample.log4net.XamarinAndroid.csproj", "{49E1DF16-0FA2-40B5-BF90-4338CFDA6C20}"
EndProject
Project("{FAE04EC0-301F-11D3-BF4B-00C04F79EFBC}") = "log4net.XamariniOS.vs2010", "log4net.XamariniOS.vs2010\log4net.XamariniOS.vs2010.csproj", "{AF00990D-A373-442B-B55A-6C126251EEF3}"
EndProject
Project("{FAE04EC0-301F-11D3-BF4B-00C04F79EFBC}") = "XSample.log4net.XamariniOS", "XSample.log4net.XamariniOS\XSample.log4net.XamariniOS.csproj", "{BB36DC5E-80C3-4CD3-AB8B-1213CA45E20A}"
EndProject
Project("{FAE04EC0-301F-11D3-BF4B-00C04F79EFBC}") = "XSample.log4net.ConsoleClientProfile", "XSample.log4net.ConsoleClientProfile\XSample.log4net.ConsoleClientProfile.csproj", "{9B2F9A4D-44D5-49B5-BED9-5806F77B30F7}"
EndProject
Project("{FAE04EC0-301F-11D3-BF4B-00C04F79EFBC}") = "XamarinComponent.log4net", "XamarinComponent.log4net\XamarinComponent.log4net.csproj", "{0B74B492-F37C-416A-82BF-156F25B7BC08}"
EndProject
Project("{FAE04EC0-301F-11D3-BF4B-00C04F79EFBC}") = "XSample.log4net.XamariniOS.XIBs", "XSample.log4net.XamariniOS.XIBs\XSample.log4net.XamariniOS.XIBs.csproj", "{8EDBD5FA-AAF9-43CB-95B8-C27C4FC60860}"
EndProject
Global
	GlobalSection(SolutionConfigurationPlatforms) = preSolution
		Ad-Hoc|Any CPU = Ad-Hoc|Any CPU
		Ad-Hoc|iPhone = Ad-Hoc|iPhone
		Ad-Hoc|iPhoneSimulator = Ad-Hoc|iPhoneSimulator
		Ad-Hoc|Mixed Platforms = Ad-Hoc|Mixed Platforms
		Ad-Hoc|x86 = Ad-Hoc|x86
		AppStore|Any CPU = AppStore|Any CPU
		AppStore|iPhone = AppStore|iPhone
		AppStore|iPhoneSimulator = AppStore|iPhoneSimulator
		AppStore|Mixed Platforms = AppStore|Mixed Platforms
		AppStore|x86 = AppStore|x86
		Debug|Any CPU = Debug|Any CPU
		Debug|iPhone = Debug|iPhone
		Debug|iPhoneSimulator = Debug|iPhoneSimulator
		Debug|Mixed Platforms = Debug|Mixed Platforms
		Debug|x86 = Debug|x86
		Release|Any CPU = Release|Any CPU
		Release|iPhone = Release|iPhone
		Release|iPhoneSimulator = Release|iPhoneSimulator
		Release|Mixed Platforms = Release|Mixed Platforms
		Release|x86 = Release|x86
	EndGlobalSection
	GlobalSection(ProjectConfigurationPlatforms) = postSolution
		{0B74B492-F37C-416A-82BF-156F25B7BC08}.Ad-Hoc|Any CPU.ActiveCfg = Release|x86
		{0B74B492-F37C-416A-82BF-156F25B7BC08}.Ad-Hoc|iPhone.ActiveCfg = Release|x86
		{0B74B492-F37C-416A-82BF-156F25B7BC08}.Ad-Hoc|iPhoneSimulator.ActiveCfg = Release|x86
		{0B74B492-F37C-416A-82BF-156F25B7BC08}.Ad-Hoc|Mixed Platforms.ActiveCfg = Release|x86
		{0B74B492-F37C-416A-82BF-156F25B7BC08}.Ad-Hoc|Mixed Platforms.Build.0 = Release|x86
		{0B74B492-F37C-416A-82BF-156F25B7BC08}.Ad-Hoc|x86.ActiveCfg = Release|x86
		{0B74B492-F37C-416A-82BF-156F25B7BC08}.Ad-Hoc|x86.Build.0 = Release|x86
		{0B74B492-F37C-416A-82BF-156F25B7BC08}.AppStore|Any CPU.ActiveCfg = Release|x86
		{0B74B492-F37C-416A-82BF-156F25B7BC08}.AppStore|iPhone.ActiveCfg = Release|x86
		{0B74B492-F37C-416A-82BF-156F25B7BC08}.AppStore|iPhoneSimulator.ActiveCfg = Release|x86
		{0B74B492-F37C-416A-82BF-156F25B7BC08}.AppStore|Mixed Platforms.ActiveCfg = Release|x86
		{0B74B492-F37C-416A-82BF-156F25B7BC08}.AppStore|Mixed Platforms.Build.0 = Release|x86
		{0B74B492-F37C-416A-82BF-156F25B7BC08}.AppStore|x86.ActiveCfg = Release|x86
		{0B74B492-F37C-416A-82BF-156F25B7BC08}.AppStore|x86.Build.0 = Release|x86
		{0B74B492-F37C-416A-82BF-156F25B7BC08}.Debug|Any CPU.ActiveCfg = Debug|x86
		{0B74B492-F37C-416A-82BF-156F25B7BC08}.Debug|iPhone.ActiveCfg = Debug|x86
		{0B74B492-F37C-416A-82BF-156F25B7BC08}.Debug|iPhoneSimulator.ActiveCfg = Debug|x86
		{0B74B492-F37C-416A-82BF-156F25B7BC08}.Debug|Mixed Platforms.ActiveCfg = Debug|x86
		{0B74B492-F37C-416A-82BF-156F25B7BC08}.Debug|Mixed Platforms.Build.0 = Debug|x86
		{0B74B492-F37C-416A-82BF-156F25B7BC08}.Debug|x86.ActiveCfg = Debug|x86
		{0B74B492-F37C-416A-82BF-156F25B7BC08}.Debug|x86.Build.0 = Debug|x86
		{0B74B492-F37C-416A-82BF-156F25B7BC08}.Release|Any CPU.ActiveCfg = Release|x86
		{0B74B492-F37C-416A-82BF-156F25B7BC08}.Release|iPhone.ActiveCfg = Release|x86
		{0B74B492-F37C-416A-82BF-156F25B7BC08}.Release|iPhoneSimulator.ActiveCfg = Release|x86
		{0B74B492-F37C-416A-82BF-156F25B7BC08}.Release|Mixed Platforms.ActiveCfg = Release|x86
		{0B74B492-F37C-416A-82BF-156F25B7BC08}.Release|Mixed Platforms.Build.0 = Release|x86
		{0B74B492-F37C-416A-82BF-156F25B7BC08}.Release|x86.ActiveCfg = Release|x86
		{0B74B492-F37C-416A-82BF-156F25B7BC08}.Release|x86.Build.0 = Release|x86
		{181FE707-E161-4722-9F38-6AAAB6FAA106}.Ad-Hoc|Any CPU.ActiveCfg = Release|Any CPU
		{181FE707-E161-4722-9F38-6AAAB6FAA106}.Ad-Hoc|iPhone.ActiveCfg = Debug|Any CPU
		{181FE707-E161-4722-9F38-6AAAB6FAA106}.Ad-Hoc|iPhone.Build.0 = Debug|Any CPU
		{181FE707-E161-4722-9F38-6AAAB6FAA106}.Ad-Hoc|iPhoneSimulator.ActiveCfg = Release|Any CPU
		{181FE707-E161-4722-9F38-6AAAB6FAA106}.Ad-Hoc|Mixed Platforms.ActiveCfg = Release|Any CPU
		{181FE707-E161-4722-9F38-6AAAB6FAA106}.Ad-Hoc|Mixed Platforms.Build.0 = Release|Any CPU
		{181FE707-E161-4722-9F38-6AAAB6FAA106}.Ad-Hoc|x86.ActiveCfg = Release|Any CPU
		{181FE707-E161-4722-9F38-6AAAB6FAA106}.AppStore|Any CPU.ActiveCfg = Release|Any CPU
		{181FE707-E161-4722-9F38-6AAAB6FAA106}.AppStore|iPhone.ActiveCfg = Debug|Any CPU
		{181FE707-E161-4722-9F38-6AAAB6FAA106}.AppStore|iPhone.Build.0 = Debug|Any CPU
		{181FE707-E161-4722-9F38-6AAAB6FAA106}.AppStore|iPhoneSimulator.ActiveCfg = Release|Any CPU
		{181FE707-E161-4722-9F38-6AAAB6FAA106}.AppStore|Mixed Platforms.ActiveCfg = Release|Any CPU
		{181FE707-E161-4722-9F38-6AAAB6FAA106}.AppStore|Mixed Platforms.Build.0 = Release|Any CPU
		{181FE707-E161-4722-9F38-6AAAB6FAA106}.AppStore|x86.ActiveCfg = Release|Any CPU
		{181FE707-E161-4722-9F38-6AAAB6FAA106}.Debug|Any CPU.ActiveCfg = Debug|Any CPU
		{181FE707-E161-4722-9F38-6AAAB6FAA106}.Debug|Any CPU.Build.0 = Debug|Any CPU
		{181FE707-E161-4722-9F38-6AAAB6FAA106}.Debug|iPhone.ActiveCfg = Debug|Any CPU
		{181FE707-E161-4722-9F38-6AAAB6FAA106}.Debug|iPhone.Build.0 = Debug|Any CPU
		{181FE707-E161-4722-9F38-6AAAB6FAA106}.Debug|iPhoneSimulator.ActiveCfg = Debug|Any CPU
		{181FE707-E161-4722-9F38-6AAAB6FAA106}.Debug|iPhoneSimulator.Build.0 = Debug|Any CPU
		{181FE707-E161-4722-9F38-6AAAB6FAA106}.Debug|Mixed Platforms.ActiveCfg = Debug|Any CPU
		{181FE707-E161-4722-9F38-6AAAB6FAA106}.Debug|Mixed Platforms.Build.0 = Debug|Any CPU
		{181FE707-E161-4722-9F38-6AAAB6FAA106}.Debug|x86.ActiveCfg = Debug|Any CPU
		{181FE707-E161-4722-9F38-6AAAB6FAA106}.Release|Any CPU.ActiveCfg = Release|Any CPU
		{181FE707-E161-4722-9F38-6AAAB6FAA106}.Release|Any CPU.Build.0 = Release|Any CPU
		{181FE707-E161-4722-9F38-6AAAB6FAA106}.Release|iPhone.ActiveCfg = Release|Any CPU
		{181FE707-E161-4722-9F38-6AAAB6FAA106}.Release|iPhone.Build.0 = Release|Any CPU
		{181FE707-E161-4722-9F38-6AAAB6FAA106}.Release|iPhoneSimulator.ActiveCfg = Release|Any CPU
		{181FE707-E161-4722-9F38-6AAAB6FAA106}.Release|iPhoneSimulator.Build.0 = Release|Any CPU
		{181FE707-E161-4722-9F38-6AAAB6FAA106}.Release|Mixed Platforms.ActiveCfg = Release|Any CPU
		{181FE707-E161-4722-9F38-6AAAB6FAA106}.Release|Mixed Platforms.Build.0 = Release|Any CPU
		{181FE707-E161-4722-9F38-6AAAB6FAA106}.Release|x86.ActiveCfg = Release|Any CPU
		{49E1DF16-0FA2-40B5-BF90-4338CFDA6C20}.Ad-Hoc|Any CPU.ActiveCfg = Release|Any CPU
		{49E1DF16-0FA2-40B5-BF90-4338CFDA6C20}.Ad-Hoc|iPhone.ActiveCfg = Debug|Any CPU
		{49E1DF16-0FA2-40B5-BF90-4338CFDA6C20}.Ad-Hoc|iPhone.Build.0 = Debug|Any CPU
		{49E1DF16-0FA2-40B5-BF90-4338CFDA6C20}.Ad-Hoc|iPhoneSimulator.ActiveCfg = Release|Any CPU
		{49E1DF16-0FA2-40B5-BF90-4338CFDA6C20}.Ad-Hoc|Mixed Platforms.ActiveCfg = Release|Any CPU
		{49E1DF16-0FA2-40B5-BF90-4338CFDA6C20}.Ad-Hoc|Mixed Platforms.Build.0 = Release|Any CPU
		{49E1DF16-0FA2-40B5-BF90-4338CFDA6C20}.Ad-Hoc|Mixed Platforms.Deploy.0 = Release|Any CPU
		{49E1DF16-0FA2-40B5-BF90-4338CFDA6C20}.Ad-Hoc|x86.ActiveCfg = Release|Any CPU
		{49E1DF16-0FA2-40B5-BF90-4338CFDA6C20}.AppStore|Any CPU.ActiveCfg = Release|Any CPU
		{49E1DF16-0FA2-40B5-BF90-4338CFDA6C20}.AppStore|iPhone.ActiveCfg = Debug|Any CPU
		{49E1DF16-0FA2-40B5-BF90-4338CFDA6C20}.AppStore|iPhone.Build.0 = Debug|Any CPU
		{49E1DF16-0FA2-40B5-BF90-4338CFDA6C20}.AppStore|iPhoneSimulator.ActiveCfg = Release|Any CPU
		{49E1DF16-0FA2-40B5-BF90-4338CFDA6C20}.AppStore|Mixed Platforms.ActiveCfg = Release|Any CPU
		{49E1DF16-0FA2-40B5-BF90-4338CFDA6C20}.AppStore|Mixed Platforms.Build.0 = Release|Any CPU
		{49E1DF16-0FA2-40B5-BF90-4338CFDA6C20}.AppStore|Mixed Platforms.Deploy.0 = Release|Any CPU
		{49E1DF16-0FA2-40B5-BF90-4338CFDA6C20}.AppStore|x86.ActiveCfg = Release|Any CPU
		{49E1DF16-0FA2-40B5-BF90-4338CFDA6C20}.Debug|Any CPU.ActiveCfg = Debug|Any CPU
		{49E1DF16-0FA2-40B5-BF90-4338CFDA6C20}.Debug|Any CPU.Build.0 = Debug|Any CPU
		{49E1DF16-0FA2-40B5-BF90-4338CFDA6C20}.Debug|Any CPU.Deploy.0 = Debug|Any CPU
		{49E1DF16-0FA2-40B5-BF90-4338CFDA6C20}.Debug|iPhone.ActiveCfg = Debug|Any CPU
		{49E1DF16-0FA2-40B5-BF90-4338CFDA6C20}.Debug|iPhone.Build.0 = Debug|Any CPU
		{49E1DF16-0FA2-40B5-BF90-4338CFDA6C20}.Debug|iPhoneSimulator.ActiveCfg = Debug|Any CPU
		{49E1DF16-0FA2-40B5-BF90-4338CFDA6C20}.Debug|iPhoneSimulator.Build.0 = Debug|Any CPU
		{49E1DF16-0FA2-40B5-BF90-4338CFDA6C20}.Debug|Mixed Platforms.ActiveCfg = Debug|Any CPU
		{49E1DF16-0FA2-40B5-BF90-4338CFDA6C20}.Debug|Mixed Platforms.Build.0 = Debug|Any CPU
		{49E1DF16-0FA2-40B5-BF90-4338CFDA6C20}.Debug|Mixed Platforms.Deploy.0 = Debug|Any CPU
		{49E1DF16-0FA2-40B5-BF90-4338CFDA6C20}.Debug|x86.ActiveCfg = Debug|Any CPU
		{49E1DF16-0FA2-40B5-BF90-4338CFDA6C20}.Release|Any CPU.ActiveCfg = Release|Any CPU
		{49E1DF16-0FA2-40B5-BF90-4338CFDA6C20}.Release|Any CPU.Build.0 = Release|Any CPU
		{49E1DF16-0FA2-40B5-BF90-4338CFDA6C20}.Release|Any CPU.Deploy.0 = Release|Any CPU
		{49E1DF16-0FA2-40B5-BF90-4338CFDA6C20}.Release|iPhone.ActiveCfg = Release|Any CPU
		{49E1DF16-0FA2-40B5-BF90-4338CFDA6C20}.Release|iPhone.Build.0 = Release|Any CPU
		{49E1DF16-0FA2-40B5-BF90-4338CFDA6C20}.Release|iPhoneSimulator.ActiveCfg = Release|Any CPU
		{49E1DF16-0FA2-40B5-BF90-4338CFDA6C20}.Release|iPhoneSimulator.Build.0 = Release|Any CPU
		{49E1DF16-0FA2-40B5-BF90-4338CFDA6C20}.Release|Mixed Platforms.ActiveCfg = Release|Any CPU
		{49E1DF16-0FA2-40B5-BF90-4338CFDA6C20}.Release|Mixed Platforms.Build.0 = Release|Any CPU
		{49E1DF16-0FA2-40B5-BF90-4338CFDA6C20}.Release|Mixed Platforms.Deploy.0 = Release|Any CPU
		{49E1DF16-0FA2-40B5-BF90-4338CFDA6C20}.Release|x86.ActiveCfg = Release|Any CPU
		{791E8D93-208D-462D-BD6A-916364E56FCB}.Ad-Hoc|Any CPU.ActiveCfg = Release|Any CPU
		{791E8D93-208D-462D-BD6A-916364E56FCB}.Ad-Hoc|iPhone.ActiveCfg = Debug|Any CPU
		{791E8D93-208D-462D-BD6A-916364E56FCB}.Ad-Hoc|iPhone.Build.0 = Debug|Any CPU
		{791E8D93-208D-462D-BD6A-916364E56FCB}.Ad-Hoc|iPhoneSimulator.ActiveCfg = Release|Any CPU
		{791E8D93-208D-462D-BD6A-916364E56FCB}.Ad-Hoc|Mixed Platforms.ActiveCfg = Release|Any CPU
		{791E8D93-208D-462D-BD6A-916364E56FCB}.Ad-Hoc|Mixed Platforms.Build.0 = Release|Any CPU
		{791E8D93-208D-462D-BD6A-916364E56FCB}.Ad-Hoc|x86.ActiveCfg = Release|Any CPU
		{791E8D93-208D-462D-BD6A-916364E56FCB}.AppStore|Any CPU.ActiveCfg = Release|Any CPU
		{791E8D93-208D-462D-BD6A-916364E56FCB}.AppStore|iPhone.ActiveCfg = Debug|Any CPU
		{791E8D93-208D-462D-BD6A-916364E56FCB}.AppStore|iPhone.Build.0 = Debug|Any CPU
		{791E8D93-208D-462D-BD6A-916364E56FCB}.AppStore|iPhoneSimulator.ActiveCfg = Release|Any CPU
		{791E8D93-208D-462D-BD6A-916364E56FCB}.AppStore|Mixed Platforms.ActiveCfg = Release|Any CPU
		{791E8D93-208D-462D-BD6A-916364E56FCB}.AppStore|Mixed Platforms.Build.0 = Release|Any CPU
		{791E8D93-208D-462D-BD6A-916364E56FCB}.AppStore|x86.ActiveCfg = Release|Any CPU
		{791E8D93-208D-462D-BD6A-916364E56FCB}.Debug|Any CPU.ActiveCfg = Debug|Any CPU
		{791E8D93-208D-462D-BD6A-916364E56FCB}.Debug|Any CPU.Build.0 = Debug|Any CPU
		{791E8D93-208D-462D-BD6A-916364E56FCB}.Debug|iPhone.ActiveCfg = Debug|Any CPU
		{791E8D93-208D-462D-BD6A-916364E56FCB}.Debug|iPhone.Build.0 = Debug|Any CPU
		{791E8D93-208D-462D-BD6A-916364E56FCB}.Debug|iPhoneSimulator.ActiveCfg = Debug|Any CPU
		{791E8D93-208D-462D-BD6A-916364E56FCB}.Debug|iPhoneSimulator.Build.0 = Debug|Any CPU
		{791E8D93-208D-462D-BD6A-916364E56FCB}.Debug|Mixed Platforms.ActiveCfg = Debug|Any CPU
		{791E8D93-208D-462D-BD6A-916364E56FCB}.Debug|Mixed Platforms.Build.0 = Debug|Any CPU
		{791E8D93-208D-462D-BD6A-916364E56FCB}.Debug|x86.ActiveCfg = Debug|Any CPU
		{791E8D93-208D-462D-BD6A-916364E56FCB}.Release|Any CPU.ActiveCfg = Release|Any CPU
		{791E8D93-208D-462D-BD6A-916364E56FCB}.Release|Any CPU.Build.0 = Release|Any CPU
		{791E8D93-208D-462D-BD6A-916364E56FCB}.Release|iPhone.ActiveCfg = Release|Any CPU
		{791E8D93-208D-462D-BD6A-916364E56FCB}.Release|iPhone.Build.0 = Release|Any CPU
		{791E8D93-208D-462D-BD6A-916364E56FCB}.Release|iPhoneSimulator.ActiveCfg = Release|Any CPU
		{791E8D93-208D-462D-BD6A-916364E56FCB}.Release|iPhoneSimulator.Build.0 = Release|Any CPU
		{791E8D93-208D-462D-BD6A-916364E56FCB}.Release|Mixed Platforms.ActiveCfg = Release|Any CPU
		{791E8D93-208D-462D-BD6A-916364E56FCB}.Release|Mixed Platforms.Build.0 = Release|Any CPU
		{791E8D93-208D-462D-BD6A-916364E56FCB}.Release|x86.ActiveCfg = Release|Any CPU
		{8EDBD5FA-AAF9-43CB-95B8-C27C4FC60860}.Ad-Hoc|Any CPU.ActiveCfg = Ad-Hoc|iPhone
		{8EDBD5FA-AAF9-43CB-95B8-C27C4FC60860}.Ad-Hoc|iPhone.ActiveCfg = Ad-Hoc|iPhone
		{8EDBD5FA-AAF9-43CB-95B8-C27C4FC60860}.Ad-Hoc|iPhone.Build.0 = Ad-Hoc|iPhone
		{8EDBD5FA-AAF9-43CB-95B8-C27C4FC60860}.Ad-Hoc|iPhoneSimulator.ActiveCfg = Ad-Hoc|iPhoneSimulator
		{8EDBD5FA-AAF9-43CB-95B8-C27C4FC60860}.Ad-Hoc|iPhoneSimulator.Build.0 = Ad-Hoc|iPhoneSimulator
		{8EDBD5FA-AAF9-43CB-95B8-C27C4FC60860}.Ad-Hoc|Mixed Platforms.ActiveCfg = Ad-Hoc|iPhone
		{8EDBD5FA-AAF9-43CB-95B8-C27C4FC60860}.Ad-Hoc|Mixed Platforms.Build.0 = Ad-Hoc|iPhone
		{8EDBD5FA-AAF9-43CB-95B8-C27C4FC60860}.Ad-Hoc|x86.ActiveCfg = Ad-Hoc|iPhone
		{8EDBD5FA-AAF9-43CB-95B8-C27C4FC60860}.AppStore|Any CPU.ActiveCfg = AppStore|iPhone
		{8EDBD5FA-AAF9-43CB-95B8-C27C4FC60860}.AppStore|iPhone.ActiveCfg = AppStore|iPhone
		{8EDBD5FA-AAF9-43CB-95B8-C27C4FC60860}.AppStore|iPhone.Build.0 = AppStore|iPhone
		{8EDBD5FA-AAF9-43CB-95B8-C27C4FC60860}.AppStore|iPhoneSimulator.ActiveCfg = AppStore|iPhoneSimulator
		{8EDBD5FA-AAF9-43CB-95B8-C27C4FC60860}.AppStore|iPhoneSimulator.Build.0 = AppStore|iPhoneSimulator
		{8EDBD5FA-AAF9-43CB-95B8-C27C4FC60860}.AppStore|Mixed Platforms.ActiveCfg = AppStore|iPhone
		{8EDBD5FA-AAF9-43CB-95B8-C27C4FC60860}.AppStore|Mixed Platforms.Build.0 = AppStore|iPhone
		{8EDBD5FA-AAF9-43CB-95B8-C27C4FC60860}.AppStore|x86.ActiveCfg = AppStore|iPhone
		{8EDBD5FA-AAF9-43CB-95B8-C27C4FC60860}.Debug|Any CPU.ActiveCfg = Debug|iPhone
		{8EDBD5FA-AAF9-43CB-95B8-C27C4FC60860}.Debug|iPhone.ActiveCfg = Debug|iPhone
		{8EDBD5FA-AAF9-43CB-95B8-C27C4FC60860}.Debug|iPhone.Build.0 = Debug|iPhone
		{8EDBD5FA-AAF9-43CB-95B8-C27C4FC60860}.Debug|iPhoneSimulator.ActiveCfg = Debug|iPhoneSimulator
		{8EDBD5FA-AAF9-43CB-95B8-C27C4FC60860}.Debug|iPhoneSimulator.Build.0 = Debug|iPhoneSimulator
		{8EDBD5FA-AAF9-43CB-95B8-C27C4FC60860}.Debug|Mixed Platforms.ActiveCfg = Debug|iPhone
		{8EDBD5FA-AAF9-43CB-95B8-C27C4FC60860}.Debug|Mixed Platforms.Build.0 = Debug|iPhone
		{8EDBD5FA-AAF9-43CB-95B8-C27C4FC60860}.Debug|x86.ActiveCfg = Debug|iPhone
		{8EDBD5FA-AAF9-43CB-95B8-C27C4FC60860}.Release|Any CPU.ActiveCfg = Release|iPhone
		{8EDBD5FA-AAF9-43CB-95B8-C27C4FC60860}.Release|iPhone.ActiveCfg = Release|iPhone
		{8EDBD5FA-AAF9-43CB-95B8-C27C4FC60860}.Release|iPhone.Build.0 = Release|iPhone
		{8EDBD5FA-AAF9-43CB-95B8-C27C4FC60860}.Release|iPhoneSimulator.ActiveCfg = Release|iPhoneSimulator
		{8EDBD5FA-AAF9-43CB-95B8-C27C4FC60860}.Release|iPhoneSimulator.Build.0 = Release|iPhoneSimulator
		{8EDBD5FA-AAF9-43CB-95B8-C27C4FC60860}.Release|Mixed Platforms.ActiveCfg = Release|iPhone
		{8EDBD5FA-AAF9-43CB-95B8-C27C4FC60860}.Release|Mixed Platforms.Build.0 = Release|iPhone
		{8EDBD5FA-AAF9-43CB-95B8-C27C4FC60860}.Release|x86.ActiveCfg = Release|iPhone
		{9B2F9A4D-44D5-49B5-BED9-5806F77B30F7}.Ad-Hoc|Any CPU.ActiveCfg = Release|x86
		{9B2F9A4D-44D5-49B5-BED9-5806F77B30F7}.Ad-Hoc|iPhone.ActiveCfg = Release|x86
		{9B2F9A4D-44D5-49B5-BED9-5806F77B30F7}.Ad-Hoc|iPhoneSimulator.ActiveCfg = Release|x86
		{9B2F9A4D-44D5-49B5-BED9-5806F77B30F7}.Ad-Hoc|Mixed Platforms.ActiveCfg = Release|x86
		{9B2F9A4D-44D5-49B5-BED9-5806F77B30F7}.Ad-Hoc|Mixed Platforms.Build.0 = Release|x86
		{9B2F9A4D-44D5-49B5-BED9-5806F77B30F7}.Ad-Hoc|x86.ActiveCfg = Release|x86
		{9B2F9A4D-44D5-49B5-BED9-5806F77B30F7}.Ad-Hoc|x86.Build.0 = Release|x86
		{9B2F9A4D-44D5-49B5-BED9-5806F77B30F7}.AppStore|Any CPU.ActiveCfg = Release|x86
		{9B2F9A4D-44D5-49B5-BED9-5806F77B30F7}.AppStore|iPhone.ActiveCfg = Release|x86
		{9B2F9A4D-44D5-49B5-BED9-5806F77B30F7}.AppStore|iPhoneSimulator.ActiveCfg = Release|x86
		{9B2F9A4D-44D5-49B5-BED9-5806F77B30F7}.AppStore|Mixed Platforms.ActiveCfg = Release|x86
		{9B2F9A4D-44D5-49B5-BED9-5806F77B30F7}.AppStore|Mixed Platforms.Build.0 = Release|x86
		{9B2F9A4D-44D5-49B5-BED9-5806F77B30F7}.AppStore|x86.ActiveCfg = Release|x86
		{9B2F9A4D-44D5-49B5-BED9-5806F77B30F7}.AppStore|x86.Build.0 = Release|x86
		{9B2F9A4D-44D5-49B5-BED9-5806F77B30F7}.Debug|Any CPU.ActiveCfg = Debug|x86
		{9B2F9A4D-44D5-49B5-BED9-5806F77B30F7}.Debug|iPhone.ActiveCfg = Debug|x86
		{9B2F9A4D-44D5-49B5-BED9-5806F77B30F7}.Debug|iPhoneSimulator.ActiveCfg = Debug|x86
		{9B2F9A4D-44D5-49B5-BED9-5806F77B30F7}.Debug|Mixed Platforms.ActiveCfg = Debug|x86
		{9B2F9A4D-44D5-49B5-BED9-5806F77B30F7}.Debug|Mixed Platforms.Build.0 = Debug|x86
		{9B2F9A4D-44D5-49B5-BED9-5806F77B30F7}.Debug|x86.ActiveCfg = Debug|x86
		{9B2F9A4D-44D5-49B5-BED9-5806F77B30F7}.Debug|x86.Build.0 = Debug|x86
		{9B2F9A4D-44D5-49B5-BED9-5806F77B30F7}.Release|Any CPU.ActiveCfg = Release|x86
		{9B2F9A4D-44D5-49B5-BED9-5806F77B30F7}.Release|iPhone.ActiveCfg = Release|x86
		{9B2F9A4D-44D5-49B5-BED9-5806F77B30F7}.Release|iPhoneSimulator.ActiveCfg = Release|x86
		{9B2F9A4D-44D5-49B5-BED9-5806F77B30F7}.Release|Mixed Platforms.ActiveCfg = Release|x86
		{9B2F9A4D-44D5-49B5-BED9-5806F77B30F7}.Release|Mixed Platforms.Build.0 = Release|x86
		{9B2F9A4D-44D5-49B5-BED9-5806F77B30F7}.Release|x86.ActiveCfg = Release|x86
		{9B2F9A4D-44D5-49B5-BED9-5806F77B30F7}.Release|x86.Build.0 = Release|x86
		{ABB3C406-2BD4-4856-BDD1-87F84AF4E0A0}.Ad-Hoc|Any CPU.ActiveCfg = Release|Any CPU
		{ABB3C406-2BD4-4856-BDD1-87F84AF4E0A0}.Ad-Hoc|iPhone.ActiveCfg = Debug|Any CPU
		{ABB3C406-2BD4-4856-BDD1-87F84AF4E0A0}.Ad-Hoc|iPhone.Build.0 = Debug|Any CPU
		{ABB3C406-2BD4-4856-BDD1-87F84AF4E0A0}.Ad-Hoc|iPhoneSimulator.ActiveCfg = Release|Any CPU
		{ABB3C406-2BD4-4856-BDD1-87F84AF4E0A0}.Ad-Hoc|Mixed Platforms.ActiveCfg = Release|Any CPU
		{ABB3C406-2BD4-4856-BDD1-87F84AF4E0A0}.Ad-Hoc|Mixed Platforms.Build.0 = Release|Any CPU
		{ABB3C406-2BD4-4856-BDD1-87F84AF4E0A0}.Ad-Hoc|x86.ActiveCfg = Release|Any CPU
		{ABB3C406-2BD4-4856-BDD1-87F84AF4E0A0}.AppStore|Any CPU.ActiveCfg = Release|Any CPU
		{ABB3C406-2BD4-4856-BDD1-87F84AF4E0A0}.AppStore|iPhone.ActiveCfg = Debug|Any CPU
		{ABB3C406-2BD4-4856-BDD1-87F84AF4E0A0}.AppStore|iPhone.Build.0 = Debug|Any CPU
		{ABB3C406-2BD4-4856-BDD1-87F84AF4E0A0}.AppStore|iPhoneSimulator.ActiveCfg = Release|Any CPU
		{ABB3C406-2BD4-4856-BDD1-87F84AF4E0A0}.AppStore|Mixed Platforms.ActiveCfg = Release|Any CPU
		{ABB3C406-2BD4-4856-BDD1-87F84AF4E0A0}.AppStore|Mixed Platforms.Build.0 = Release|Any CPU
		{ABB3C406-2BD4-4856-BDD1-87F84AF4E0A0}.AppStore|x86.ActiveCfg = Release|Any CPU
		{ABB3C406-2BD4-4856-BDD1-87F84AF4E0A0}.Debug|Any CPU.ActiveCfg = Debug|Any CPU
		{ABB3C406-2BD4-4856-BDD1-87F84AF4E0A0}.Debug|Any CPU.Build.0 = Debug|Any CPU
		{ABB3C406-2BD4-4856-BDD1-87F84AF4E0A0}.Debug|iPhone.ActiveCfg = Debug|Any CPU
		{ABB3C406-2BD4-4856-BDD1-87F84AF4E0A0}.Debug|iPhone.Build.0 = Debug|Any CPU
		{ABB3C406-2BD4-4856-BDD1-87F84AF4E0A0}.Debug|iPhoneSimulator.ActiveCfg = Debug|Any CPU
		{ABB3C406-2BD4-4856-BDD1-87F84AF4E0A0}.Debug|iPhoneSimulator.Build.0 = Debug|Any CPU
		{ABB3C406-2BD4-4856-BDD1-87F84AF4E0A0}.Debug|Mixed Platforms.ActiveCfg = Debug|Any CPU
		{ABB3C406-2BD4-4856-BDD1-87F84AF4E0A0}.Debug|Mixed Platforms.Build.0 = Debug|Any CPU
		{ABB3C406-2BD4-4856-BDD1-87F84AF4E0A0}.Debug|x86.ActiveCfg = Debug|Any CPU
		{ABB3C406-2BD4-4856-BDD1-87F84AF4E0A0}.Release|Any CPU.ActiveCfg = Release|Any CPU
		{ABB3C406-2BD4-4856-BDD1-87F84AF4E0A0}.Release|Any CPU.Build.0 = Release|Any CPU
		{ABB3C406-2BD4-4856-BDD1-87F84AF4E0A0}.Release|iPhone.ActiveCfg = Release|Any CPU
		{ABB3C406-2BD4-4856-BDD1-87F84AF4E0A0}.Release|iPhone.Build.0 = Release|Any CPU
		{ABB3C406-2BD4-4856-BDD1-87F84AF4E0A0}.Release|iPhoneSimulator.ActiveCfg = Release|Any CPU
		{ABB3C406-2BD4-4856-BDD1-87F84AF4E0A0}.Release|iPhoneSimulator.Build.0 = Release|Any CPU
		{ABB3C406-2BD4-4856-BDD1-87F84AF4E0A0}.Release|Mixed Platforms.ActiveCfg = Release|Any CPU
		{ABB3C406-2BD4-4856-BDD1-87F84AF4E0A0}.Release|Mixed Platforms.Build.0 = Release|Any CPU
		{ABB3C406-2BD4-4856-BDD1-87F84AF4E0A0}.Release|x86.ActiveCfg = Release|Any CPU
		{AF00990D-A373-442B-B55A-6C126251EEF3}.Ad-Hoc|Any CPU.ActiveCfg = Release|Any CPU
		{AF00990D-A373-442B-B55A-6C126251EEF3}.Ad-Hoc|iPhone.ActiveCfg = Debug|Any CPU
		{AF00990D-A373-442B-B55A-6C126251EEF3}.Ad-Hoc|iPhone.Build.0 = Debug|Any CPU
		{AF00990D-A373-442B-B55A-6C126251EEF3}.Ad-Hoc|iPhoneSimulator.ActiveCfg = Release|Any CPU
		{AF00990D-A373-442B-B55A-6C126251EEF3}.Ad-Hoc|Mixed Platforms.ActiveCfg = Release|Any CPU
		{AF00990D-A373-442B-B55A-6C126251EEF3}.Ad-Hoc|Mixed Platforms.Build.0 = Release|Any CPU
		{AF00990D-A373-442B-B55A-6C126251EEF3}.Ad-Hoc|x86.ActiveCfg = Release|Any CPU
		{AF00990D-A373-442B-B55A-6C126251EEF3}.AppStore|Any CPU.ActiveCfg = Release|Any CPU
		{AF00990D-A373-442B-B55A-6C126251EEF3}.AppStore|iPhone.ActiveCfg = Debug|Any CPU
		{AF00990D-A373-442B-B55A-6C126251EEF3}.AppStore|iPhone.Build.0 = Debug|Any CPU
		{AF00990D-A373-442B-B55A-6C126251EEF3}.AppStore|iPhoneSimulator.ActiveCfg = Release|Any CPU
		{AF00990D-A373-442B-B55A-6C126251EEF3}.AppStore|Mixed Platforms.ActiveCfg = Release|Any CPU
		{AF00990D-A373-442B-B55A-6C126251EEF3}.AppStore|Mixed Platforms.Build.0 = Release|Any CPU
		{AF00990D-A373-442B-B55A-6C126251EEF3}.AppStore|x86.ActiveCfg = Release|Any CPU
		{AF00990D-A373-442B-B55A-6C126251EEF3}.Debug|Any CPU.ActiveCfg = Debug|Any CPU
		{AF00990D-A373-442B-B55A-6C126251EEF3}.Debug|Any CPU.Build.0 = Debug|Any CPU
		{AF00990D-A373-442B-B55A-6C126251EEF3}.Debug|iPhone.ActiveCfg = Debug|Any CPU
		{AF00990D-A373-442B-B55A-6C126251EEF3}.Debug|iPhone.Build.0 = Debug|Any CPU
		{AF00990D-A373-442B-B55A-6C126251EEF3}.Debug|iPhoneSimulator.ActiveCfg = Debug|Any CPU
		{AF00990D-A373-442B-B55A-6C126251EEF3}.Debug|iPhoneSimulator.Build.0 = Debug|Any CPU
		{AF00990D-A373-442B-B55A-6C126251EEF3}.Debug|Mixed Platforms.ActiveCfg = Debug|Any CPU
		{AF00990D-A373-442B-B55A-6C126251EEF3}.Debug|Mixed Platforms.Build.0 = Debug|Any CPU
		{AF00990D-A373-442B-B55A-6C126251EEF3}.Debug|x86.ActiveCfg = Debug|Any CPU
		{AF00990D-A373-442B-B55A-6C126251EEF3}.Release|Any CPU.ActiveCfg = Release|Any CPU
		{AF00990D-A373-442B-B55A-6C126251EEF3}.Release|Any CPU.Build.0 = Release|Any CPU
		{AF00990D-A373-442B-B55A-6C126251EEF3}.Release|iPhone.ActiveCfg = Release|Any CPU
		{AF00990D-A373-442B-B55A-6C126251EEF3}.Release|iPhone.Build.0 = Release|Any CPU
		{AF00990D-A373-442B-B55A-6C126251EEF3}.Release|iPhoneSimulator.ActiveCfg = Release|Any CPU
		{AF00990D-A373-442B-B55A-6C126251EEF3}.Release|iPhoneSimulator.Build.0 = Release|Any CPU
		{AF00990D-A373-442B-B55A-6C126251EEF3}.Release|Mixed Platforms.ActiveCfg = Release|Any CPU
		{AF00990D-A373-442B-B55A-6C126251EEF3}.Release|Mixed Platforms.Build.0 = Release|Any CPU
		{AF00990D-A373-442B-B55A-6C126251EEF3}.Release|x86.ActiveCfg = Release|Any CPU
		{B0530F10-0238-49A9-93B0-8EF412E90BCF}.Ad-Hoc|Any CPU.ActiveCfg = Release|Any CPU
		{B0530F10-0238-49A9-93B0-8EF412E90BCF}.Ad-Hoc|iPhone.ActiveCfg = Debug|Any CPU
		{B0530F10-0238-49A9-93B0-8EF412E90BCF}.Ad-Hoc|iPhone.Build.0 = Debug|Any CPU
		{B0530F10-0238-49A9-93B0-8EF412E90BCF}.Ad-Hoc|iPhoneSimulator.ActiveCfg = Release|Any CPU
		{B0530F10-0238-49A9-93B0-8EF412E90BCF}.Ad-Hoc|Mixed Platforms.ActiveCfg = Release|Any CPU
		{B0530F10-0238-49A9-93B0-8EF412E90BCF}.Ad-Hoc|Mixed Platforms.Build.0 = Release|Any CPU
		{B0530F10-0238-49A9-93B0-8EF412E90BCF}.Ad-Hoc|x86.ActiveCfg = Release|Any CPU
		{B0530F10-0238-49A9-93B0-8EF412E90BCF}.AppStore|Any CPU.ActiveCfg = Release|Any CPU
		{B0530F10-0238-49A9-93B0-8EF412E90BCF}.AppStore|iPhone.ActiveCfg = Debug|Any CPU
		{B0530F10-0238-49A9-93B0-8EF412E90BCF}.AppStore|iPhone.Build.0 = Debug|Any CPU
		{B0530F10-0238-49A9-93B0-8EF412E90BCF}.AppStore|iPhoneSimulator.ActiveCfg = Release|Any CPU
		{B0530F10-0238-49A9-93B0-8EF412E90BCF}.AppStore|Mixed Platforms.ActiveCfg = Release|Any CPU
		{B0530F10-0238-49A9-93B0-8EF412E90BCF}.AppStore|Mixed Platforms.Build.0 = Release|Any CPU
		{B0530F10-0238-49A9-93B0-8EF412E90BCF}.AppStore|x86.ActiveCfg = Release|Any CPU
		{B0530F10-0238-49A9-93B0-8EF412E90BCF}.Debug|Any CPU.ActiveCfg = Debug|Any CPU
		{B0530F10-0238-49A9-93B0-8EF412E90BCF}.Debug|Any CPU.Build.0 = Debug|Any CPU
		{B0530F10-0238-49A9-93B0-8EF412E90BCF}.Debug|iPhone.ActiveCfg = Debug|Any CPU
		{B0530F10-0238-49A9-93B0-8EF412E90BCF}.Debug|iPhone.Build.0 = Debug|Any CPU
		{B0530F10-0238-49A9-93B0-8EF412E90BCF}.Debug|iPhoneSimulator.ActiveCfg = Debug|Any CPU
		{B0530F10-0238-49A9-93B0-8EF412E90BCF}.Debug|iPhoneSimulator.Build.0 = Debug|Any CPU
		{B0530F10-0238-49A9-93B0-8EF412E90BCF}.Debug|Mixed Platforms.ActiveCfg = Debug|Any CPU
		{B0530F10-0238-49A9-93B0-8EF412E90BCF}.Debug|Mixed Platforms.Build.0 = Debug|Any CPU
		{B0530F10-0238-49A9-93B0-8EF412E90BCF}.Debug|x86.ActiveCfg = Debug|Any CPU
		{B0530F10-0238-49A9-93B0-8EF412E90BCF}.Release|Any CPU.ActiveCfg = Release|Any CPU
		{B0530F10-0238-49A9-93B0-8EF412E90BCF}.Release|Any CPU.Build.0 = Release|Any CPU
		{B0530F10-0238-49A9-93B0-8EF412E90BCF}.Release|iPhone.ActiveCfg = Release|Any CPU
		{B0530F10-0238-49A9-93B0-8EF412E90BCF}.Release|iPhone.Build.0 = Release|Any CPU
		{B0530F10-0238-49A9-93B0-8EF412E90BCF}.Release|iPhoneSimulator.ActiveCfg = Release|Any CPU
		{B0530F10-0238-49A9-93B0-8EF412E90BCF}.Release|iPhoneSimulator.Build.0 = Release|Any CPU
		{B0530F10-0238-49A9-93B0-8EF412E90BCF}.Release|Mixed Platforms.ActiveCfg = Release|Any CPU
		{B0530F10-0238-49A9-93B0-8EF412E90BCF}.Release|Mixed Platforms.Build.0 = Release|Any CPU
		{B0530F10-0238-49A9-93B0-8EF412E90BCF}.Release|x86.ActiveCfg = Release|Any CPU
		{BB36DC5E-80C3-4CD3-AB8B-1213CA45E20A}.Ad-Hoc|Any CPU.ActiveCfg = Ad-Hoc|iPhone
		{BB36DC5E-80C3-4CD3-AB8B-1213CA45E20A}.Ad-Hoc|iPhone.ActiveCfg = Ad-Hoc|iPhone
		{BB36DC5E-80C3-4CD3-AB8B-1213CA45E20A}.Ad-Hoc|iPhone.Build.0 = Ad-Hoc|iPhone
		{BB36DC5E-80C3-4CD3-AB8B-1213CA45E20A}.Ad-Hoc|iPhoneSimulator.ActiveCfg = Ad-Hoc|iPhoneSimulator
		{BB36DC5E-80C3-4CD3-AB8B-1213CA45E20A}.Ad-Hoc|Mixed Platforms.ActiveCfg = Ad-Hoc|iPhone
		{BB36DC5E-80C3-4CD3-AB8B-1213CA45E20A}.Ad-Hoc|Mixed Platforms.Build.0 = Ad-Hoc|iPhone
		{BB36DC5E-80C3-4CD3-AB8B-1213CA45E20A}.Ad-Hoc|x86.ActiveCfg = Ad-Hoc|iPhone
		{BB36DC5E-80C3-4CD3-AB8B-1213CA45E20A}.AppStore|Any CPU.ActiveCfg = AppStore|iPhone
		{BB36DC5E-80C3-4CD3-AB8B-1213CA45E20A}.AppStore|iPhone.ActiveCfg = AppStore|iPhone
		{BB36DC5E-80C3-4CD3-AB8B-1213CA45E20A}.AppStore|iPhone.Build.0 = AppStore|iPhone
		{BB36DC5E-80C3-4CD3-AB8B-1213CA45E20A}.AppStore|iPhoneSimulator.ActiveCfg = AppStore|iPhoneSimulator
		{BB36DC5E-80C3-4CD3-AB8B-1213CA45E20A}.AppStore|Mixed Platforms.ActiveCfg = AppStore|iPhone
		{BB36DC5E-80C3-4CD3-AB8B-1213CA45E20A}.AppStore|Mixed Platforms.Build.0 = AppStore|iPhone
		{BB36DC5E-80C3-4CD3-AB8B-1213CA45E20A}.AppStore|x86.ActiveCfg = AppStore|iPhone
		{BB36DC5E-80C3-4CD3-AB8B-1213CA45E20A}.Debug|Any CPU.ActiveCfg = Debug|iPhoneSimulator
		{BB36DC5E-80C3-4CD3-AB8B-1213CA45E20A}.Debug|Any CPU.Build.0 = Debug|iPhoneSimulator
		{BB36DC5E-80C3-4CD3-AB8B-1213CA45E20A}.Debug|iPhone.ActiveCfg = Debug|iPhone
		{BB36DC5E-80C3-4CD3-AB8B-1213CA45E20A}.Debug|iPhone.Build.0 = Debug|iPhone
		{BB36DC5E-80C3-4CD3-AB8B-1213CA45E20A}.Debug|iPhoneSimulator.ActiveCfg = Debug|iPhoneSimulator
		{BB36DC5E-80C3-4CD3-AB8B-1213CA45E20A}.Debug|iPhoneSimulator.Build.0 = Debug|iPhoneSimulator
		{BB36DC5E-80C3-4CD3-AB8B-1213CA45E20A}.Debug|Mixed Platforms.ActiveCfg = Debug|iPhone
		{BB36DC5E-80C3-4CD3-AB8B-1213CA45E20A}.Debug|Mixed Platforms.Build.0 = Debug|iPhone
		{BB36DC5E-80C3-4CD3-AB8B-1213CA45E20A}.Debug|x86.ActiveCfg = Debug|iPhone
		{BB36DC5E-80C3-4CD3-AB8B-1213CA45E20A}.Release|Any CPU.ActiveCfg = Release|iPhoneSimulator
		{BB36DC5E-80C3-4CD3-AB8B-1213CA45E20A}.Release|Any CPU.Build.0 = Release|iPhoneSimulator
		{BB36DC5E-80C3-4CD3-AB8B-1213CA45E20A}.Release|iPhone.ActiveCfg = Release|iPhone
		{BB36DC5E-80C3-4CD3-AB8B-1213CA45E20A}.Release|iPhone.Build.0 = Release|iPhone
		{BB36DC5E-80C3-4CD3-AB8B-1213CA45E20A}.Release|iPhoneSimulator.ActiveCfg = Release|iPhoneSimulator
		{BB36DC5E-80C3-4CD3-AB8B-1213CA45E20A}.Release|iPhoneSimulator.Build.0 = Release|iPhoneSimulator
		{BB36DC5E-80C3-4CD3-AB8B-1213CA45E20A}.Release|Mixed Platforms.ActiveCfg = Release|iPhone
		{BB36DC5E-80C3-4CD3-AB8B-1213CA45E20A}.Release|Mixed Platforms.Build.0 = Release|iPhone
		{BB36DC5E-80C3-4CD3-AB8B-1213CA45E20A}.Release|x86.ActiveCfg = Release|iPhone
	EndGlobalSection
	GlobalSection(MonoDevelopProperties) = preSolution
		StartupItem = XSample.log4net.XamarinAndroid\XSample.log4net.XamarinAndroid.csproj
	EndGlobalSection
	GlobalSection(SolutionProperties) = preSolution
		HideSolutionNode = FALSE
	EndGlobalSection
EndGlobal
